
Microsoft Visual Studio Solution File, Format Version 12.00
# Visual Studio Version 16
VisualStudioVersion = 16.0.30503.244
MinimumVisualStudioVersion = 10.0.40219.1
Project("{8BC9CEB8-8B4A-11D0-8D11-00A0C91BC942}") = "Weekly_2_Markus_Vullum", "Weekly_2_Markus_Vullum\Weekly_2_Markus_Vullum.vcxproj", "{3C56900C-6F32-4A08-93A8-EB01FC84268A}"
EndProject
Project("{8BC9CEB8-8B4A-11D0-8D11-00A0C91BC942}") = "Weekly_2_task_2", "Weekly_2_task_2\Weekly_2_task_2.vcxproj", "{CDA6134B-2BFA-4BE3-A80F-6CD9263EC824}"
EndProject
Project("{8BC9CEB8-8B4A-11D0-8D11-00A0C91BC942}") = "Weekly_2_task_3", "Weekly_2_task_3\Weekly_2_task_3.vcxproj", "{DCA725E3-8B4E-4A93-AAB4-7631A0468FFA}"
EndProject
Project("{8BC9CEB8-8B4A-11D0-8D11-00A0C91BC942}") = "Weekly_2_task_4", "Weekly_2_task_4\Weekly_2_task_4.vcxproj", "{6A110B8E-4D4F-43F9-BD06-B943C34DF4B8}"
EndProject
Project("{8BC9CEB8-8B4A-11D0-8D11-00A0C91BC942}") = "Weekly_2_task_5", "Weekly_2_task_5\Weekly_2_task_5.vcxproj", "{4594D9B5-BCF8-4BF7-83B1-316E9F679741}"
EndProject
Project("{8BC9CEB8-8B4A-11D0-8D11-00A0C91BC942}") = "Weekly_2_task_6", "Weekly_2_task_6\Weekly_2_task_6.vcxproj", "{C9180CBC-4793-4F50-A400-DA3148F5956E}"
EndProject
Global
	GlobalSection(SolutionConfigurationPlatforms) = preSolution
		Debug|x64 = Debug|x64
		Debug|x86 = Debug|x86
		Release|x64 = Release|x64
		Release|x86 = Release|x86
	EndGlobalSection
	GlobalSection(ProjectConfigurationPlatforms) = postSolution
		{3C56900C-6F32-4A08-93A8-EB01FC84268A}.Debug|x64.ActiveCfg = Debug|x64
		{3C56900C-6F32-4A08-93A8-EB01FC84268A}.Debug|x64.Build.0 = Debug|x64
		{3C56900C-6F32-4A08-93A8-EB01FC84268A}.Debug|x86.ActiveCfg = Debug|Win32
		{3C56900C-6F32-4A08-93A8-EB01FC84268A}.Debug|x86.Build.0 = Debug|Win32
		{3C56900C-6F32-4A08-93A8-EB01FC84268A}.Release|x64.ActiveCfg = Release|x64
		{3C56900C-6F32-4A08-93A8-EB01FC84268A}.Release|x64.Build.0 = Release|x64
		{3C56900C-6F32-4A08-93A8-EB01FC84268A}.Release|x86.ActiveCfg = Release|Win32
		{3C56900C-6F32-4A08-93A8-EB01FC84268A}.Release|x86.Build.0 = Release|Win32
		{CDA6134B-2BFA-4BE3-A80F-6CD9263EC824}.Debug|x64.ActiveCfg = Debug|x64
		{CDA6134B-2BFA-4BE3-A80F-6CD9263EC824}.Debug|x64.Build.0 = Debug|x64
		{CDA6134B-2BFA-4BE3-A80F-6CD9263EC824}.Debug|x86.ActiveCfg = Debug|Win32
		{CDA6134B-2BFA-4BE3-A80F-6CD9263EC824}.Debug|x86.Build.0 = Debug|Win32
		{CDA6134B-2BFA-4BE3-A80F-6CD9263EC824}.Release|x64.ActiveCfg = Release|x64
		{CDA6134B-2BFA-4BE3-A80F-6CD9263EC824}.Release|x64.Build.0 = Release|x64
		{CDA6134B-2BFA-4BE3-A80F-6CD9263EC824}.Release|x86.ActiveCfg = Release|Win32
		{CDA6134B-2BFA-4BE3-A80F-6CD9263EC824}.Release|x86.Build.0 = Release|Win32
		{DCA725E3-8B4E-4A93-AAB4-7631A0468FFA}.Debug|x64.ActiveCfg = Debug|x64
		{DCA725E3-8B4E-4A93-AAB4-7631A0468FFA}.Debug|x64.Build.0 = Debug|x64
		{DCA725E3-8B4E-4A93-AAB4-7631A0468FFA}.Debug|x86.ActiveCfg = Debug|Win32
		{DCA725E3-8B4E-4A93-AAB4-7631A0468FFA}.Debug|x86.Build.0 = Debug|Win32
		{DCA725E3-8B4E-4A93-AAB4-7631A0468FFA}.Release|x64.ActiveCfg = Release|x64
		{DCA725E3-8B4E-4A93-AAB4-7631A0468FFA}.Release|x64.Build.0 = Release|x64
		{DCA725E3-8B4E-4A93-AAB4-7631A0468FFA}.Release|x86.ActiveCfg = Release|Win32
		{DCA725E3-8B4E-4A93-AAB4-7631A0468FFA}.Release|x86.Build.0 = Release|Win32
		{6A110B8E-4D4F-43F9-BD06-B943C34DF4B8}.Debug|x64.ActiveCfg = Debug|x64
		{6A110B8E-4D4F-43F9-BD06-B943C34DF4B8}.Debug|x64.Build.0 = Debug|x64
		{6A110B8E-4D4F-43F9-BD06-B943C34DF4B8}.Debug|x86.ActiveCfg = Debug|Win32
		{6A110B8E-4D4F-43F9-BD06-B943C34DF4B8}.Debug|x86.Build.0 = Debug|Win32
		{6A110B8E-4D4F-43F9-BD06-B943C34DF4B8}.Release|x64.ActiveCfg = Release|x64
		{6A110B8E-4D4F-43F9-BD06-B943C34DF4B8}.Release|x64.Build.0 = Release|x64
		{6A110B8E-4D4F-43F9-BD06-B943C34DF4B8}.Release|x86.ActiveCfg = Release|Win32
		{6A110B8E-4D4F-43F9-BD06-B943C34DF4B8}.Release|x86.Build.0 = Release|Win32
		{4594D9B5-BCF8-4BF7-83B1-316E9F679741}.Debug|x64.ActiveCfg = Debug|x64
		{4594D9B5-BCF8-4BF7-83B1-316E9F679741}.Debug|x64.Build.0 = Debug|x64
		{4594D9B5-BCF8-4BF7-83B1-316E9F679741}.Debug|x86.ActiveCfg = Debug|Win32
		{4594D9B5-BCF8-4BF7-83B1-316E9F679741}.Debug|x86.Build.0 = Debug|Win32
		{4594D9B5-BCF8-4BF7-83B1-316E9F679741}.Release|x64.ActiveCfg = Release|x64
		{4594D9B5-BCF8-4BF7-83B1-316E9F679741}.Release|x64.Build.0 = Release|x64
		{4594D9B5-BCF8-4BF7-83B1-316E9F679741}.Release|x86.ActiveCfg = Release|Win32
		{4594D9B5-BCF8-4BF7-83B1-316E9F679741}.Release|x86.Build.0 = Release|Win32
		{C9180CBC-4793-4F50-A400-DA3148F5956E}.Debug|x64.ActiveCfg = Debug|x64
		{C9180CBC-4793-4F50-A400-DA3148F5956E}.Debug|x64.Build.0 = Debug|x64
		{C9180CBC-4793-4F50-A400-DA3148F5956E}.Debug|x86.ActiveCfg = Debug|Win32
		{C9180CBC-4793-4F50-A400-DA3148F5956E}.Debug|x86.Build.0 = Debug|Win32
		{C9180CBC-4793-4F50-A400-DA3148F5956E}.Release|x64.ActiveCfg = Release|x64
		{C9180CBC-4793-4F50-A400-DA3148F5956E}.Release|x64.Build.0 = Release|x64
		{C9180CBC-4793-4F50-A400-DA3148F5956E}.Release|x86.ActiveCfg = Release|Win32
		{C9180CBC-4793-4F50-A400-DA3148F5956E}.Release|x86.Build.0 = Release|Win32
	EndGlobalSection
	GlobalSection(SolutionProperties) = preSolution
		HideSolutionNode = FALSE
	EndGlobalSection
	GlobalSection(ExtensibilityGlobals) = postSolution
		SolutionGuid = {9372A46A-6123-4BFA-BA16-BBB4F91D7928}
	EndGlobalSection
EndGlobal
